
Microsoft Visual Studio Solution File, Format Version 12.00
# Visual Studio 15
Project("{FAE04EC0-301F-11D3-BF4B-00C04F79EFBC}") = "SteamVR", "SteamVR.csproj", "{4E22DA4A-1338-17B5-E577-8C850877B2BF}"
EndProject
Project("{FAE04EC0-301F-11D3-BF4B-00C04F79EFBC}") = "Assembly-CSharp", "Assembly-CSharp.csproj", "{E24724D5-1660-CB0F-289A-A4E986EA1EDC}"
EndProject
Project("{FAE04EC0-301F-11D3-BF4B-00C04F79EFBC}") = "SteamVR_Actions", "SteamVR_Actions.csproj", "{55C76805-BE25-8BBC-CA5A-CABA560809D6}"
EndProject
Project("{FAE04EC0-301F-11D3-BF4B-00C04F79EFBC}") = "SteamVR_Editor", "SteamVR_Editor.csproj", "{A0568725-6232-D6FF-EFC7-CE10BF035D6B}"
EndProject
Project("{FAE04EC0-301F-11D3-BF4B-00C04F79EFBC}") = "SteamVR_Input_Editor", "SteamVR_Input_Editor.csproj", "{D168BF94-601E-C285-5278-9F71AA96EAD1}"
EndProject
Project("{FAE04EC0-301F-11D3-BF4B-00C04F79EFBC}") = "SteamVR_Windows_EditorHelper", "SteamVR_Windows_EditorHelper.csproj", "{8BD04574-115E-5D3F-1AA8-D766789B2748}"
EndProject
Global
	GlobalSection(SolutionConfigurationPlatforms) = preSolution
		Debug|Any CPU = Debug|Any CPU
		Release|Any CPU = Release|Any CPU
	EndGlobalSection
	GlobalSection(ProjectConfigurationPlatforms) = postSolution
		{4E22DA4A-1338-17B5-E577-8C850877B2BF}.Debug|Any CPU.ActiveCfg = Debug|Any CPU
		{4E22DA4A-1338-17B5-E577-8C850877B2BF}.Debug|Any CPU.Build.0 = Debug|Any CPU
		{4E22DA4A-1338-17B5-E577-8C850877B2BF}.Release|Any CPU.ActiveCfg = Release|Any CPU
		{4E22DA4A-1338-17B5-E577-8C850877B2BF}.Release|Any CPU.Build.0 = Release|Any CPU
		{E24724D5-1660-CB0F-289A-A4E986EA1EDC}.Debug|Any CPU.ActiveCfg = Debug|Any CPU
		{E24724D5-1660-CB0F-289A-A4E986EA1EDC}.Debug|Any CPU.Build.0 = Debug|Any CPU
		{E24724D5-1660-CB0F-289A-A4E986EA1EDC}.Release|Any CPU.ActiveCfg = Release|Any CPU
		{E24724D5-1660-CB0F-289A-A4E986EA1EDC}.Release|Any CPU.Build.0 = Release|Any CPU
		{55C76805-BE25-8BBC-CA5A-CABA560809D6}.Debug|Any CPU.ActiveCfg = Debug|Any CPU
		{55C76805-BE25-8BBC-CA5A-CABA560809D6}.Debug|Any CPU.Build.0 = Debug|Any CPU
		{55C76805-BE25-8BBC-CA5A-CABA560809D6}.Release|Any CPU.ActiveCfg = Release|Any CPU
		{55C76805-BE25-8BBC-CA5A-CABA560809D6}.Release|Any CPU.Build.0 = Release|Any CPU
		{A0568725-6232-D6FF-EFC7-CE10BF035D6B}.Debug|Any CPU.ActiveCfg = Debug|Any CPU
		{A0568725-6232-D6FF-EFC7-CE10BF035D6B}.Debug|Any CPU.Build.0 = Debug|Any CPU
		{A0568725-6232-D6FF-EFC7-CE10BF035D6B}.Release|Any CPU.ActiveCfg = Release|Any CPU
		{A0568725-6232-D6FF-EFC7-CE10BF035D6B}.Release|Any CPU.Build.0 = Release|Any CPU
		{D168BF94-601E-C285-5278-9F71AA96EAD1}.Debug|Any CPU.ActiveCfg = Debug|Any CPU
		{D168BF94-601E-C285-5278-9F71AA96EAD1}.Debug|Any CPU.Build.0 = Debug|Any CPU
		{D168BF94-601E-C285-5278-9F71AA96EAD1}.Release|Any CPU.ActiveCfg = Release|Any CPU
		{D168BF94-601E-C285-5278-9F71AA96EAD1}.Release|Any CPU.Build.0 = Release|Any CPU
		{8BD04574-115E-5D3F-1AA8-D766789B2748}.Debug|Any CPU.ActiveCfg = Debug|Any CPU
		{8BD04574-115E-5D3F-1AA8-D766789B2748}.Debug|Any CPU.Build.0 = Debug|Any CPU
		{8BD04574-115E-5D3F-1AA8-D766789B2748}.Release|Any CPU.ActiveCfg = Release|Any CPU
		{8BD04574-115E-5D3F-1AA8-D766789B2748}.Release|Any CPU.Build.0 = Release|Any CPU
	EndGlobalSection
	GlobalSection(SolutionProperties) = preSolution
		HideSolutionNode = FALSE
	EndGlobalSection
EndGlobal
