
Microsoft Visual Studio Solution File, Format Version 12.00
# Visual Studio 15
Project("{FAE04EC0-301F-11D3-BF4B-00C04F79EFBC}") = "SteamVR", "SteamVR.csproj", "{3AA81B5A-5119-32F3-E532-31CD5FC55031}"
EndProject
Project("{FAE04EC0-301F-11D3-BF4B-00C04F79EFBC}") = "Assembly-CSharp", "Assembly-CSharp.csproj", "{7D85C362-DFD5-216A-C766-9092745EBA69}"
EndProject
Project("{FAE04EC0-301F-11D3-BF4B-00C04F79EFBC}") = "SteamVR_Actions", "SteamVR_Actions.csproj", "{EBA1E6FF-2017-FED2-F461-3E50B7689207}"
EndProject
Project("{FAE04EC0-301F-11D3-BF4B-00C04F79EFBC}") = "SteamVR_Editor", "SteamVR_Editor.csproj", "{F52F59F4-7A56-B284-E806-CEF74BEAF95D}"
EndProject
Project("{FAE04EC0-301F-11D3-BF4B-00C04F79EFBC}") = "SteamVR_Input_Editor", "SteamVR_Input_Editor.csproj", "{808F2240-3F41-087E-57BF-AC3B9D97B34F}"
EndProject
Project("{FAE04EC0-301F-11D3-BF4B-00C04F79EFBC}") = "SteamVR_Windows_EditorHelper", "SteamVR_Windows_EditorHelper.csproj", "{F9B3AAFA-4534-4924-C3AE-3AABE560FB11}"
EndProject
Global
	GlobalSection(SolutionConfigurationPlatforms) = preSolution
		Debug|Any CPU = Debug|Any CPU
		Release|Any CPU = Release|Any CPU
	EndGlobalSection
	GlobalSection(ProjectConfigurationPlatforms) = postSolution
		{3AA81B5A-5119-32F3-E532-31CD5FC55031}.Debug|Any CPU.ActiveCfg = Debug|Any CPU
		{3AA81B5A-5119-32F3-E532-31CD5FC55031}.Debug|Any CPU.Build.0 = Debug|Any CPU
		{3AA81B5A-5119-32F3-E532-31CD5FC55031}.Release|Any CPU.ActiveCfg = Release|Any CPU
		{3AA81B5A-5119-32F3-E532-31CD5FC55031}.Release|Any CPU.Build.0 = Release|Any CPU
		{7D85C362-DFD5-216A-C766-9092745EBA69}.Debug|Any CPU.ActiveCfg = Debug|Any CPU
		{7D85C362-DFD5-216A-C766-9092745EBA69}.Debug|Any CPU.Build.0 = Debug|Any CPU
		{7D85C362-DFD5-216A-C766-9092745EBA69}.Release|Any CPU.ActiveCfg = Release|Any CPU
		{7D85C362-DFD5-216A-C766-9092745EBA69}.Release|Any CPU.Build.0 = Release|Any CPU
		{EBA1E6FF-2017-FED2-F461-3E50B7689207}.Debug|Any CPU.ActiveCfg = Debug|Any CPU
		{EBA1E6FF-2017-FED2-F461-3E50B7689207}.Debug|Any CPU.Build.0 = Debug|Any CPU
		{EBA1E6FF-2017-FED2-F461-3E50B7689207}.Release|Any CPU.ActiveCfg = Release|Any CPU
		{EBA1E6FF-2017-FED2-F461-3E50B7689207}.Release|Any CPU.Build.0 = Release|Any CPU
		{F52F59F4-7A56-B284-E806-CEF74BEAF95D}.Debug|Any CPU.ActiveCfg = Debug|Any CPU
		{F52F59F4-7A56-B284-E806-CEF74BEAF95D}.Debug|Any CPU.Build.0 = Debug|Any CPU
		{F52F59F4-7A56-B284-E806-CEF74BEAF95D}.Release|Any CPU.ActiveCfg = Release|Any CPU
		{F52F59F4-7A56-B284-E806-CEF74BEAF95D}.Release|Any CPU.Build.0 = Release|Any CPU
		{808F2240-3F41-087E-57BF-AC3B9D97B34F}.Debug|Any CPU.ActiveCfg = Debug|Any CPU
		{808F2240-3F41-087E-57BF-AC3B9D97B34F}.Debug|Any CPU.Build.0 = Debug|Any CPU
		{808F2240-3F41-087E-57BF-AC3B9D97B34F}.Release|Any CPU.ActiveCfg = Release|Any CPU
		{808F2240-3F41-087E-57BF-AC3B9D97B34F}.Release|Any CPU.Build.0 = Release|Any CPU
		{F9B3AAFA-4534-4924-C3AE-3AABE560FB11}.Debug|Any CPU.ActiveCfg = Debug|Any CPU
		{F9B3AAFA-4534-4924-C3AE-3AABE560FB11}.Debug|Any CPU.Build.0 = Debug|Any CPU
		{F9B3AAFA-4534-4924-C3AE-3AABE560FB11}.Release|Any CPU.ActiveCfg = Release|Any CPU
		{F9B3AAFA-4534-4924-C3AE-3AABE560FB11}.Release|Any CPU.Build.0 = Release|Any CPU
	EndGlobalSection
	GlobalSection(SolutionProperties) = preSolution
		HideSolutionNode = FALSE
	EndGlobalSection
EndGlobal
